
Microsoft Visual Studio Solution File, Format Version 12.00
# Visual Studio Version 16
VisualStudioVersion = 16.0.30114.105
MinimumVisualStudioVersion = 10.0.40219.1
Project("{FAE04EC0-301F-11D3-BF4B-00C04F79EFBC}") = "TreeEditorControl.Example", "TreeEditorControl.Example\TreeEditorControl.Example.csproj", "{A03EDFAB-4DFE-48E6-92A8-134CF8F2431F}"
EndProject
Project("{FAE04EC0-301F-11D3-BF4B-00C04F79EFBC}") = "TreeEditorControl", "TreeEditorControl\TreeEditorControl.csproj", "{0998AF8D-D44C-4EF7-AE00-7417CCFB06B2}"
EndProject
Project("{FAE04EC0-301F-11D3-BF4B-00C04F79EFBC}") = "TreeEditorControl.DataNodeAttributes", "TreeEditorControl.DataNodeAttributes\TreeEditorControl.DataNodeAttributes.csproj", "{7F4FE819-D05E-49F3-995D-762E90576059}"
EndProject
Project("{FAE04EC0-301F-11D3-BF4B-00C04F79EFBC}") = "TreeEditorControl.DataNodes", "TreeEditorControl.DataNodes\TreeEditorControl.DataNodes.csproj", "{B21B89BD-7AFF-444F-B98A-22013AEACC25}"
EndProject
Global
	GlobalSection(SolutionConfigurationPlatforms) = preSolution
		Debug|Any CPU = Debug|Any CPU
		Release|Any CPU = Release|Any CPU
	EndGlobalSection
	GlobalSection(ProjectConfigurationPlatforms) = postSolution
		{A03EDFAB-4DFE-48E6-92A8-134CF8F2431F}.Debug|Any CPU.ActiveCfg = Debug|Any CPU
		{A03EDFAB-4DFE-48E6-92A8-134CF8F2431F}.Debug|Any CPU.Build.0 = Debug|Any CPU
		{A03EDFAB-4DFE-48E6-92A8-134CF8F2431F}.Release|Any CPU.ActiveCfg = Release|Any CPU
		{A03EDFAB-4DFE-48E6-92A8-134CF8F2431F}.Release|Any CPU.Build.0 = Release|Any CPU
		{0998AF8D-D44C-4EF7-AE00-7417CCFB06B2}.Debug|Any CPU.ActiveCfg = Debug|Any CPU
		{0998AF8D-D44C-4EF7-AE00-7417CCFB06B2}.Debug|Any CPU.Build.0 = Debug|Any CPU
		{0998AF8D-D44C-4EF7-AE00-7417CCFB06B2}.Release|Any CPU.ActiveCfg = Release|Any CPU
		{0998AF8D-D44C-4EF7-AE00-7417CCFB06B2}.Release|Any CPU.Build.0 = Release|Any CPU
		{7F4FE819-D05E-49F3-995D-762E90576059}.Debug|Any CPU.ActiveCfg = Debug|Any CPU
		{7F4FE819-D05E-49F3-995D-762E90576059}.Debug|Any CPU.Build.0 = Debug|Any CPU
		{7F4FE819-D05E-49F3-995D-762E90576059}.Release|Any CPU.ActiveCfg = Release|Any CPU
		{7F4FE819-D05E-49F3-995D-762E90576059}.Release|Any CPU.Build.0 = Release|Any CPU
		{B21B89BD-7AFF-444F-B98A-22013AEACC25}.Debug|Any CPU.ActiveCfg = Debug|Any CPU
		{B21B89BD-7AFF-444F-B98A-22013AEACC25}.Debug|Any CPU.Build.0 = Debug|Any CPU
		{B21B89BD-7AFF-444F-B98A-22013AEACC25}.Release|Any CPU.ActiveCfg = Release|Any CPU
		{B21B89BD-7AFF-444F-B98A-22013AEACC25}.Release|Any CPU.Build.0 = Release|Any CPU
	EndGlobalSection
	GlobalSection(SolutionProperties) = preSolution
		HideSolutionNode = FALSE
	EndGlobalSection
	GlobalSection(ExtensibilityGlobals) = postSolution
		SolutionGuid = {598DAC80-F780-499C-921D-23ECDC939237}
	EndGlobalSection
EndGlobal
